
Microsoft Visual Studio Solution File, Format Version 12.00
# Visual Studio Version 16
VisualStudioVersion = 16.0.29201.188
MinimumVisualStudioVersion = 10.0.40219.1
Project("{9A19103F-16F7-4668-BE54-9A1E7A4F7556}") = "Biblia", "Biblia\Biblia.csproj", "{C8B17A48-FB6B-473E-9B37-30639D6D908F}"
EndProject
Project("{2150E333-8FDC-42A3-9474-1A3956D46DE8}") = "1-Apresentacao", "1-Apresentacao", "{D8684D40-344A-4820-AFB9-67F0E5051FBA}"
EndProject
Project("{2150E333-8FDC-42A3-9474-1A3956D46DE8}") = "2-Aplicacao", "2-Aplicacao", "{C94E8008-255C-4828-8821-DBAE2EB8C080}"
EndProject
Project("{2150E333-8FDC-42A3-9474-1A3956D46DE8}") = "3-Dominio", "3-Dominio", "{D0EE24B0-5472-4AB9-BFE0-0C8F5D8220D4}"
EndProject
Project("{2150E333-8FDC-42A3-9474-1A3956D46DE8}") = "4-Infra", "4-Infra", "{92272E0A-900B-4CBA-8F19-58711BFB1CD9}"
EndProject
Project("{9A19103F-16F7-4668-BE54-9A1E7A4F7556}") = "Biblia.Domain", "Biblia.Domain\Biblia.Domain.csproj", "{00715C0D-F82F-48A9-A814-99ACD2E1E2EE}"
EndProject
Project("{9A19103F-16F7-4668-BE54-9A1E7A4F7556}") = "Biblia.App", "Biblia.App\Biblia.App.csproj", "{57966B1A-EDC2-4A63-8F97-063D5B84A7EA}"
EndProject
Project("{9A19103F-16F7-4668-BE54-9A1E7A4F7556}") = "Biblia.Repositorio", "Biblia.Repositorio\Biblia.Repositorio.csproj", "{67E84916-F605-4C84-8468-FD9435F4E68B}"
EndProject
Project("{9A19103F-16F7-4668-BE54-9A1E7A4F7556}") = "Biblia.App.Testes", "..\testes\Biblia.App.Testes\Biblia.App.Testes.csproj", "{43952145-0316-4D7C-AF82-2EC32FF0CE15}"
EndProject
Global
	GlobalSection(SolutionConfigurationPlatforms) = preSolution
		Debug|Any CPU = Debug|Any CPU
		Release|Any CPU = Release|Any CPU
	EndGlobalSection
	GlobalSection(ProjectConfigurationPlatforms) = postSolution
		{C8B17A48-FB6B-473E-9B37-30639D6D908F}.Debug|Any CPU.ActiveCfg = Debug|Any CPU
		{C8B17A48-FB6B-473E-9B37-30639D6D908F}.Debug|Any CPU.Build.0 = Debug|Any CPU
		{C8B17A48-FB6B-473E-9B37-30639D6D908F}.Release|Any CPU.ActiveCfg = Release|Any CPU
		{C8B17A48-FB6B-473E-9B37-30639D6D908F}.Release|Any CPU.Build.0 = Release|Any CPU
		{00715C0D-F82F-48A9-A814-99ACD2E1E2EE}.Debug|Any CPU.ActiveCfg = Debug|Any CPU
		{00715C0D-F82F-48A9-A814-99ACD2E1E2EE}.Debug|Any CPU.Build.0 = Debug|Any CPU
		{00715C0D-F82F-48A9-A814-99ACD2E1E2EE}.Release|Any CPU.ActiveCfg = Release|Any CPU
		{00715C0D-F82F-48A9-A814-99ACD2E1E2EE}.Release|Any CPU.Build.0 = Release|Any CPU
		{57966B1A-EDC2-4A63-8F97-063D5B84A7EA}.Debug|Any CPU.ActiveCfg = Debug|Any CPU
		{57966B1A-EDC2-4A63-8F97-063D5B84A7EA}.Debug|Any CPU.Build.0 = Debug|Any CPU
		{57966B1A-EDC2-4A63-8F97-063D5B84A7EA}.Release|Any CPU.ActiveCfg = Release|Any CPU
		{57966B1A-EDC2-4A63-8F97-063D5B84A7EA}.Release|Any CPU.Build.0 = Release|Any CPU
		{67E84916-F605-4C84-8468-FD9435F4E68B}.Debug|Any CPU.ActiveCfg = Debug|Any CPU
		{67E84916-F605-4C84-8468-FD9435F4E68B}.Debug|Any CPU.Build.0 = Debug|Any CPU
		{67E84916-F605-4C84-8468-FD9435F4E68B}.Release|Any CPU.ActiveCfg = Release|Any CPU
		{67E84916-F605-4C84-8468-FD9435F4E68B}.Release|Any CPU.Build.0 = Release|Any CPU
		{43952145-0316-4D7C-AF82-2EC32FF0CE15}.Debug|Any CPU.ActiveCfg = Debug|Any CPU
		{43952145-0316-4D7C-AF82-2EC32FF0CE15}.Debug|Any CPU.Build.0 = Debug|Any CPU
		{43952145-0316-4D7C-AF82-2EC32FF0CE15}.Release|Any CPU.ActiveCfg = Release|Any CPU
		{43952145-0316-4D7C-AF82-2EC32FF0CE15}.Release|Any CPU.Build.0 = Release|Any CPU
	EndGlobalSection
	GlobalSection(SolutionProperties) = preSolution
		HideSolutionNode = FALSE
	EndGlobalSection
	GlobalSection(NestedProjects) = preSolution
		{C8B17A48-FB6B-473E-9B37-30639D6D908F} = {D8684D40-344A-4820-AFB9-67F0E5051FBA}
		{00715C0D-F82F-48A9-A814-99ACD2E1E2EE} = {D0EE24B0-5472-4AB9-BFE0-0C8F5D8220D4}
		{57966B1A-EDC2-4A63-8F97-063D5B84A7EA} = {C94E8008-255C-4828-8821-DBAE2EB8C080}
		{67E84916-F605-4C84-8468-FD9435F4E68B} = {92272E0A-900B-4CBA-8F19-58711BFB1CD9}
		{43952145-0316-4D7C-AF82-2EC32FF0CE15} = {C94E8008-255C-4828-8821-DBAE2EB8C080}
	EndGlobalSection
	GlobalSection(ExtensibilityGlobals) = postSolution
		SolutionGuid = {ECE587B2-D1EE-458E-B36F-8391812CB1B4}
	EndGlobalSection
EndGlobal
